name: Update Gemfile.lock

on:
  workflow_dispatch: # run manually

jobs:
  update-lock:
    runs-on: ubuntu-latest
    steps:
      - uses: actions/checkout@v3
      - uses: ruby/setup-ruby@v1
        with:
          ruby-version: '3.2'   # or match your site’s Ruby
      - run: |
          gem install bundler
          rm -f Gemfile.lock
          bundle install
      - uses: stefanzweifel/git-auto-commit-action@v5
        with:
          commit_message: "Regenerate Gemfile.lock"
